
Microsoft Visual Studio Solution File, Format Version 12.00
# Visual Studio Version 16
VisualStudioVersion = 16.0.29403.142
MinimumVisualStudioVersion = 10.0.40219.1
Project("{FAE04EC0-301F-11D3-BF4B-00C04F79EFBC}") = "BackendServices", "BackendServices.csproj", "{31DB5FD3-2599-42C4-B254-58CDFE9416F8}"
EndProject
Global
	GlobalSection(SolutionConfigurationPlatforms) = preSolution
		Debug|Any CPU = Debug|Any CPU
		Release|Any CPU = Release|Any CPU
	EndGlobalSection
	GlobalSection(ProjectConfigurationPlatforms) = postSolution
		{31DB5FD3-2599-42C4-B254-58CDFE9416F8}.Debug|Any CPU.ActiveCfg = Debug|Any CPU
		{31DB5FD3-2599-42C4-B254-58CDFE9416F8}.Debug|Any CPU.Build.0 = Debug|Any CPU
		{31DB5FD3-2599-42C4-B254-58CDFE9416F8}.Release|Any CPU.ActiveCfg = Release|Any CPU
		{31DB5FD3-2599-42C4-B254-58CDFE9416F8}.Release|Any CPU.Build.0 = Release|Any CPU
	EndGlobalSection
	GlobalSection(SolutionProperties) = preSolution
		HideSolutionNode = FALSE
	EndGlobalSection
	GlobalSection(ExtensibilityGlobals) = postSolution
		SolutionGuid = {78ED4022-4D82-4356-99D2-077BB5DE5486}
	EndGlobalSection
EndGlobal
